
Microsoft Visual Studio Solution File, Format Version 12.00
# Visual Studio Version 16
VisualStudioVersion = 16.0.30711.63
MinimumVisualStudioVersion = 10.0.40219.1
Project("{8BC9CEB8-8B4A-11D0-8D11-00A0C91BC942}") = "OpencvInterface", "OpencvInterface\OpencvInterface.vcxproj", "{5D31102B-3CC8-412B-AD04-2A8E155DD7CD}"
EndProject
Project("{8BC9CEB8-8B4A-11D0-8D11-00A0C91BC942}") = "test_ImageDiff", "test_ImageDiff\test_ImageDiff.vcxproj", "{8A9C6A2B-38EE-48B0-B9AD-631611887F8A}"
EndProject
Global
	GlobalSection(SolutionConfigurationPlatforms) = preSolution
		Debug|x64 = Debug|x64
		Release|x64 = Release|x64
	EndGlobalSection
	GlobalSection(ProjectConfigurationPlatforms) = postSolution
		{5D31102B-3CC8-412B-AD04-2A8E155DD7CD}.Debug|x64.ActiveCfg = Debug|x64
		{5D31102B-3CC8-412B-AD04-2A8E155DD7CD}.Debug|x64.Build.0 = Debug|x64
		{5D31102B-3CC8-412B-AD04-2A8E155DD7CD}.Release|x64.ActiveCfg = Release|x64
		{5D31102B-3CC8-412B-AD04-2A8E155DD7CD}.Release|x64.Build.0 = Release|x64
		{8A9C6A2B-38EE-48B0-B9AD-631611887F8A}.Debug|x64.ActiveCfg = Debug|x64
		{8A9C6A2B-38EE-48B0-B9AD-631611887F8A}.Debug|x64.Build.0 = Debug|x64
		{8A9C6A2B-38EE-48B0-B9AD-631611887F8A}.Release|x64.ActiveCfg = Release|x64
		{8A9C6A2B-38EE-48B0-B9AD-631611887F8A}.Release|x64.Build.0 = Release|x64
	EndGlobalSection
	GlobalSection(SolutionProperties) = preSolution
		HideSolutionNode = FALSE
	EndGlobalSection
	GlobalSection(ExtensibilityGlobals) = postSolution
		SolutionGuid = {A36B426A-8E0E-4441-AFC2-28A847E1A7E4}
	EndGlobalSection
EndGlobal
